
Microsoft Visual Studio Solution File, Format Version 12.00
# Visual Studio Version 17
VisualStudioVersion = 17.0.31903.59
MinimumVisualStudioVersion = 10.0.40219.1
Project("{2150E333-8FDC-42A3-9474-1A3956D46DE8}") = "src", "src", "{45245A4C-27B2-4545-BCAD-B1963A09247C}"
EndProject
Project("{2150E333-8FDC-42A3-9474-1A3956D46DE8}") = "CrossCutting", "CrossCutting", "{7615C6BF-FD3A-47D9-9B44-01F9ED6EAA15}"
EndProject
Project("{2150E333-8FDC-42A3-9474-1A3956D46DE8}") = "Modules", "Modules", "{57843DF3-D7D1-476A-979B-9E470F41B528}"
EndProject
Project("{2150E333-8FDC-42A3-9474-1A3956D46DE8}") = "Pix", "Pix", "{4A935EB8-67F3-48F3-AD7C-D49E6C2AF133}"
EndProject
Project("{9A19103F-16F7-4668-BE54-9A1E7A4F7556}") = "Api.Pix", "src\Modules\Pix\Api.Pix\Api.Pix.csproj", "{2175B2FC-A9D8-4E46-A616-65C1CE287BA3}"
EndProject
Project("{9A19103F-16F7-4668-BE54-9A1E7A4F7556}") = "Api.Pix.Application", "src\Modules\Pix\Api.Pix.Application\Api.Pix.Application.csproj", "{74CDBF22-9C55-4AF4-86D8-ACBB480BDE79}"
EndProject
Project("{9A19103F-16F7-4668-BE54-9A1E7A4F7556}") = "Api.Pix.Domain", "src\Modules\Pix\Api.Pix.Domain\Api.Pix.Domain.csproj", "{A49A4D11-9B77-4B0D-A9C9-21A275C1E262}"
EndProject
Project("{9A19103F-16F7-4668-BE54-9A1E7A4F7556}") = "Api.Pix.Infrastructure", "src\Modules\Pix\Api.Pix.Infrastructure\Api.Pix.Infrastructure.csproj", "{73471206-E514-4B51-9AD1-EB6C1A358F35}"
EndProject
Project("{2150E333-8FDC-42A3-9474-1A3956D46DE8}") = "Services", "Services", "{EDF9370A-E63E-43AE-8B28-CBD3D48C415A}"
	ProjectSection(SolutionItems) = preProject
		src\Services\appsettings.Development.json = src\Services\appsettings.Development.json
		src\Services\appsettings.Homolog.json = src\Services\appsettings.Homolog.json
		src\Services\appsettings.json = src\Services\appsettings.json
	EndProjectSection
EndProject
Project("{2150E333-8FDC-42A3-9474-1A3956D46DE8}") = "tests", "tests", "{260639C4-1B93-4CB8-9AD1-4F35E8CEE646}"
EndProject
Project("{2150E333-8FDC-42A3-9474-1A3956D46DE8}") = "Modules", "Modules", "{DA4200AC-7681-4A9C-AFBC-A74AD16FA5E1}"
EndProject
Project("{2150E333-8FDC-42A3-9474-1A3956D46DE8}") = "Pix", "Pix", "{B0E0CBBC-BC8B-4E30-AE05-28C556D2B67D}"
EndProject
Project("{9A19103F-16F7-4668-BE54-9A1E7A4F7556}") = "Api.Pix.UnitTests", "tests\Modules\Pix\Api.Pix.UnitTests\Api.Pix.UnitTests.csproj", "{57F9058B-A4C8-4E61-81C2-1BCCDCA937B1}"
EndProject
Project("{9A19103F-16F7-4668-BE54-9A1E7A4F7556}") = "Api.Service", "src\Services\Api.Service\Api.Service.csproj", "{9B73BD19-240F-4CAF-BBAF-1ED6999A2DCE}"
EndProject
Project("{9A19103F-16F7-4668-BE54-9A1E7A4F7556}") = "Modules.PayHub.CrossCutting.DependencyInjection", "src\CrossCutting\Modules.PayHub.CrossCutting.DependencyInjection\Modules.PayHub.CrossCutting.DependencyInjection.csproj", "{CE4606B1-CCF8-41A8-A99A-1AD7B65486B2}"
EndProject
Project("{2150E333-8FDC-42A3-9474-1A3956D46DE8}") = "Consumers", "Consumers", "{E67EA07D-CC1D-420A-AE19-5384BD2C4719}"
EndProject
Project("{9A19103F-16F7-4668-BE54-9A1E7A4F7556}") = "CrossCutting.PayHub.Shared", "src\CrossCutting\CrossCutting.PayHub.Shared\CrossCutting.PayHub.Shared.csproj", "{55C064B8-7600-4074-88F0-713132954AF9}"
EndProject
Project("{9A19103F-16F7-4668-BE54-9A1E7A4F7556}") = "Consumers.PayHub", "src\Services\Consumers\Consumers.PayHub\Consumers.PayHub.csproj", "{20091463-37D5-41D8-9E19-C7F29D380455}"
EndProject
Project("{9A19103F-16F7-4668-BE54-9A1E7A4F7556}") = "Consumers.PayHub.Application", "src\Services\Consumers\Consumers.PayHub.Application\Consumers.PayHub.Application.csproj", "{4D38CFC7-E795-4B82-8B95-3F546BFE1F35}"
EndProject
Project("{9A19103F-16F7-4668-BE54-9A1E7A4F7556}") = "Consumers.PayHub.Domain", "src\Services\Consumers\Consumers.PayHub.Domain\Consumers.PayHub.Domain.csproj", "{4A633A46-96C4-4865-9E03-2AEB759DF53B}"
EndProject
Project("{9A19103F-16F7-4668-BE54-9A1E7A4F7556}") = "Consumers.PayHub.Infrastructure", "src\Services\Consumers\Consumers.PayHub.Infrastructure\Consumers.PayHub.Infrastructure.csproj", "{710694B1-4714-4DC8-849A-516E9D3F4E45}"
EndProject
Project("{2150E333-8FDC-42A3-9474-1A3956D46DE8}") = "Webhooks", "Webhooks", "{82D3BFCC-4CA6-493C-8F05-A2821F8AAB43}"
EndProject
Project("{FAE04EC0-301F-11D3-BF4B-00C04F79EFBC}") = "Webhook.PayHub", "src\Services\Webhooks\Webhook.PayHub\Webhook.PayHub.csproj", "{470E9822-0367-450F-B2D9-4A3F928B9DA5}"
EndProject
Project("{FAE04EC0-301F-11D3-BF4B-00C04F79EFBC}") = "Webhook.PayHub.Application", "src\Services\Webhooks\Webhook.PayHub.Application\Webhook.PayHub.Application.csproj", "{F3D652D1-A7FE-4E8D-B865-D141EFAD717F}"
EndProject
Project("{FAE04EC0-301F-11D3-BF4B-00C04F79EFBC}") = "Webhook.PayHub.Domain", "src\Services\Webhooks\Webhook.PayHub.Domain\Webhook.PayHub.Domain.csproj", "{6C9550A4-110E-4F88-9909-E3A37856D920}"
EndProject
Project("{FAE04EC0-301F-11D3-BF4B-00C04F79EFBC}") = "Webhook.PayHub.Infrastructure", "src\Services\Webhooks\Webhook.PayHub.Infrastructure\Webhook.PayHub.Infrastructure.csproj", "{D2EDFEE8-56D9-4F87-9F64-0F6FE7795350}"
EndProject
Global
	GlobalSection(SolutionConfigurationPlatforms) = preSolution
		Debug|Any CPU = Debug|Any CPU
		Release|Any CPU = Release|Any CPU
	EndGlobalSection
	GlobalSection(ProjectConfigurationPlatforms) = postSolution
		{2175B2FC-A9D8-4E46-A616-65C1CE287BA3}.Debug|Any CPU.ActiveCfg = Debug|Any CPU
		{2175B2FC-A9D8-4E46-A616-65C1CE287BA3}.Debug|Any CPU.Build.0 = Debug|Any CPU
		{2175B2FC-A9D8-4E46-A616-65C1CE287BA3}.Release|Any CPU.ActiveCfg = Release|Any CPU
		{2175B2FC-A9D8-4E46-A616-65C1CE287BA3}.Release|Any CPU.Build.0 = Release|Any CPU
		{74CDBF22-9C55-4AF4-86D8-ACBB480BDE79}.Debug|Any CPU.ActiveCfg = Debug|Any CPU
		{74CDBF22-9C55-4AF4-86D8-ACBB480BDE79}.Debug|Any CPU.Build.0 = Debug|Any CPU
		{74CDBF22-9C55-4AF4-86D8-ACBB480BDE79}.Release|Any CPU.ActiveCfg = Release|Any CPU
		{74CDBF22-9C55-4AF4-86D8-ACBB480BDE79}.Release|Any CPU.Build.0 = Release|Any CPU
		{A49A4D11-9B77-4B0D-A9C9-21A275C1E262}.Debug|Any CPU.ActiveCfg = Debug|Any CPU
		{A49A4D11-9B77-4B0D-A9C9-21A275C1E262}.Debug|Any CPU.Build.0 = Debug|Any CPU
		{A49A4D11-9B77-4B0D-A9C9-21A275C1E262}.Release|Any CPU.ActiveCfg = Release|Any CPU
		{A49A4D11-9B77-4B0D-A9C9-21A275C1E262}.Release|Any CPU.Build.0 = Release|Any CPU
		{73471206-E514-4B51-9AD1-EB6C1A358F35}.Debug|Any CPU.ActiveCfg = Debug|Any CPU
		{73471206-E514-4B51-9AD1-EB6C1A358F35}.Debug|Any CPU.Build.0 = Debug|Any CPU
		{73471206-E514-4B51-9AD1-EB6C1A358F35}.Release|Any CPU.ActiveCfg = Release|Any CPU
		{73471206-E514-4B51-9AD1-EB6C1A358F35}.Release|Any CPU.Build.0 = Release|Any CPU
		{57F9058B-A4C8-4E61-81C2-1BCCDCA937B1}.Debug|Any CPU.ActiveCfg = Debug|Any CPU
		{57F9058B-A4C8-4E61-81C2-1BCCDCA937B1}.Debug|Any CPU.Build.0 = Debug|Any CPU
		{57F9058B-A4C8-4E61-81C2-1BCCDCA937B1}.Release|Any CPU.ActiveCfg = Release|Any CPU
		{57F9058B-A4C8-4E61-81C2-1BCCDCA937B1}.Release|Any CPU.Build.0 = Release|Any CPU
		{9B73BD19-240F-4CAF-BBAF-1ED6999A2DCE}.Debug|Any CPU.ActiveCfg = Debug|Any CPU
		{9B73BD19-240F-4CAF-BBAF-1ED6999A2DCE}.Debug|Any CPU.Build.0 = Debug|Any CPU
		{9B73BD19-240F-4CAF-BBAF-1ED6999A2DCE}.Release|Any CPU.ActiveCfg = Release|Any CPU
		{9B73BD19-240F-4CAF-BBAF-1ED6999A2DCE}.Release|Any CPU.Build.0 = Release|Any CPU
		{CE4606B1-CCF8-41A8-A99A-1AD7B65486B2}.Debug|Any CPU.ActiveCfg = Debug|Any CPU
		{CE4606B1-CCF8-41A8-A99A-1AD7B65486B2}.Debug|Any CPU.Build.0 = Debug|Any CPU
		{CE4606B1-CCF8-41A8-A99A-1AD7B65486B2}.Release|Any CPU.ActiveCfg = Release|Any CPU
		{CE4606B1-CCF8-41A8-A99A-1AD7B65486B2}.Release|Any CPU.Build.0 = Release|Any CPU
		{55C064B8-7600-4074-88F0-713132954AF9}.Debug|Any CPU.ActiveCfg = Debug|Any CPU
		{55C064B8-7600-4074-88F0-713132954AF9}.Debug|Any CPU.Build.0 = Debug|Any CPU
		{55C064B8-7600-4074-88F0-713132954AF9}.Release|Any CPU.ActiveCfg = Release|Any CPU
		{55C064B8-7600-4074-88F0-713132954AF9}.Release|Any CPU.Build.0 = Release|Any CPU
		{20091463-37D5-41D8-9E19-C7F29D380455}.Debug|Any CPU.ActiveCfg = Debug|Any CPU
		{20091463-37D5-41D8-9E19-C7F29D380455}.Debug|Any CPU.Build.0 = Debug|Any CPU
		{20091463-37D5-41D8-9E19-C7F29D380455}.Release|Any CPU.ActiveCfg = Release|Any CPU
		{20091463-37D5-41D8-9E19-C7F29D380455}.Release|Any CPU.Build.0 = Release|Any CPU
		{4D38CFC7-E795-4B82-8B95-3F546BFE1F35}.Debug|Any CPU.ActiveCfg = Debug|Any CPU
		{4D38CFC7-E795-4B82-8B95-3F546BFE1F35}.Debug|Any CPU.Build.0 = Debug|Any CPU
		{4D38CFC7-E795-4B82-8B95-3F546BFE1F35}.Release|Any CPU.ActiveCfg = Release|Any CPU
		{4D38CFC7-E795-4B82-8B95-3F546BFE1F35}.Release|Any CPU.Build.0 = Release|Any CPU
		{4A633A46-96C4-4865-9E03-2AEB759DF53B}.Debug|Any CPU.ActiveCfg = Debug|Any CPU
		{4A633A46-96C4-4865-9E03-2AEB759DF53B}.Debug|Any CPU.Build.0 = Debug|Any CPU
		{4A633A46-96C4-4865-9E03-2AEB759DF53B}.Release|Any CPU.ActiveCfg = Release|Any CPU
		{4A633A46-96C4-4865-9E03-2AEB759DF53B}.Release|Any CPU.Build.0 = Release|Any CPU
		{710694B1-4714-4DC8-849A-516E9D3F4E45}.Debug|Any CPU.ActiveCfg = Debug|Any CPU
		{710694B1-4714-4DC8-849A-516E9D3F4E45}.Debug|Any CPU.Build.0 = Debug|Any CPU
		{710694B1-4714-4DC8-849A-516E9D3F4E45}.Release|Any CPU.ActiveCfg = Release|Any CPU
		{710694B1-4714-4DC8-849A-516E9D3F4E45}.Release|Any CPU.Build.0 = Release|Any CPU
		{470E9822-0367-450F-B2D9-4A3F928B9DA5}.Debug|Any CPU.ActiveCfg = Debug|Any CPU
		{470E9822-0367-450F-B2D9-4A3F928B9DA5}.Debug|Any CPU.Build.0 = Debug|Any CPU
		{470E9822-0367-450F-B2D9-4A3F928B9DA5}.Release|Any CPU.ActiveCfg = Release|Any CPU
		{470E9822-0367-450F-B2D9-4A3F928B9DA5}.Release|Any CPU.Build.0 = Release|Any CPU
		{F3D652D1-A7FE-4E8D-B865-D141EFAD717F}.Debug|Any CPU.ActiveCfg = Debug|Any CPU
		{F3D652D1-A7FE-4E8D-B865-D141EFAD717F}.Debug|Any CPU.Build.0 = Debug|Any CPU
		{F3D652D1-A7FE-4E8D-B865-D141EFAD717F}.Release|Any CPU.ActiveCfg = Release|Any CPU
		{F3D652D1-A7FE-4E8D-B865-D141EFAD717F}.Release|Any CPU.Build.0 = Release|Any CPU
		{6C9550A4-110E-4F88-9909-E3A37856D920}.Debug|Any CPU.ActiveCfg = Debug|Any CPU
		{6C9550A4-110E-4F88-9909-E3A37856D920}.Debug|Any CPU.Build.0 = Debug|Any CPU
		{6C9550A4-110E-4F88-9909-E3A37856D920}.Release|Any CPU.ActiveCfg = Release|Any CPU
		{6C9550A4-110E-4F88-9909-E3A37856D920}.Release|Any CPU.Build.0 = Release|Any CPU
		{D2EDFEE8-56D9-4F87-9F64-0F6FE7795350}.Debug|Any CPU.ActiveCfg = Debug|Any CPU
		{D2EDFEE8-56D9-4F87-9F64-0F6FE7795350}.Debug|Any CPU.Build.0 = Debug|Any CPU
		{D2EDFEE8-56D9-4F87-9F64-0F6FE7795350}.Release|Any CPU.ActiveCfg = Release|Any CPU
		{D2EDFEE8-56D9-4F87-9F64-0F6FE7795350}.Release|Any CPU.Build.0 = Release|Any CPU
	EndGlobalSection
	GlobalSection(SolutionProperties) = preSolution
		HideSolutionNode = FALSE
	EndGlobalSection
	GlobalSection(NestedProjects) = preSolution
		{7615C6BF-FD3A-47D9-9B44-01F9ED6EAA15} = {45245A4C-27B2-4545-BCAD-B1963A09247C}
		{57843DF3-D7D1-476A-979B-9E470F41B528} = {45245A4C-27B2-4545-BCAD-B1963A09247C}
		{4A935EB8-67F3-48F3-AD7C-D49E6C2AF133} = {57843DF3-D7D1-476A-979B-9E470F41B528}
		{2175B2FC-A9D8-4E46-A616-65C1CE287BA3} = {4A935EB8-67F3-48F3-AD7C-D49E6C2AF133}
		{74CDBF22-9C55-4AF4-86D8-ACBB480BDE79} = {4A935EB8-67F3-48F3-AD7C-D49E6C2AF133}
		{A49A4D11-9B77-4B0D-A9C9-21A275C1E262} = {4A935EB8-67F3-48F3-AD7C-D49E6C2AF133}
		{73471206-E514-4B51-9AD1-EB6C1A358F35} = {4A935EB8-67F3-48F3-AD7C-D49E6C2AF133}
		{EDF9370A-E63E-43AE-8B28-CBD3D48C415A} = {45245A4C-27B2-4545-BCAD-B1963A09247C}
		{DA4200AC-7681-4A9C-AFBC-A74AD16FA5E1} = {260639C4-1B93-4CB8-9AD1-4F35E8CEE646}
		{B0E0CBBC-BC8B-4E30-AE05-28C556D2B67D} = {DA4200AC-7681-4A9C-AFBC-A74AD16FA5E1}
		{57F9058B-A4C8-4E61-81C2-1BCCDCA937B1} = {B0E0CBBC-BC8B-4E30-AE05-28C556D2B67D}
		{9B73BD19-240F-4CAF-BBAF-1ED6999A2DCE} = {EDF9370A-E63E-43AE-8B28-CBD3D48C415A}
		{CE4606B1-CCF8-41A8-A99A-1AD7B65486B2} = {7615C6BF-FD3A-47D9-9B44-01F9ED6EAA15}
		{E67EA07D-CC1D-420A-AE19-5384BD2C4719} = {EDF9370A-E63E-43AE-8B28-CBD3D48C415A}
		{55C064B8-7600-4074-88F0-713132954AF9} = {7615C6BF-FD3A-47D9-9B44-01F9ED6EAA15}
		{20091463-37D5-41D8-9E19-C7F29D380455} = {E67EA07D-CC1D-420A-AE19-5384BD2C4719}
		{4D38CFC7-E795-4B82-8B95-3F546BFE1F35} = {E67EA07D-CC1D-420A-AE19-5384BD2C4719}
		{4A633A46-96C4-4865-9E03-2AEB759DF53B} = {E67EA07D-CC1D-420A-AE19-5384BD2C4719}
		{710694B1-4714-4DC8-849A-516E9D3F4E45} = {E67EA07D-CC1D-420A-AE19-5384BD2C4719}
		{82D3BFCC-4CA6-493C-8F05-A2821F8AAB43} = {EDF9370A-E63E-43AE-8B28-CBD3D48C415A}
		{470E9822-0367-450F-B2D9-4A3F928B9DA5} = {82D3BFCC-4CA6-493C-8F05-A2821F8AAB43}
		{F3D652D1-A7FE-4E8D-B865-D141EFAD717F} = {82D3BFCC-4CA6-493C-8F05-A2821F8AAB43}
		{6C9550A4-110E-4F88-9909-E3A37856D920} = {82D3BFCC-4CA6-493C-8F05-A2821F8AAB43}
		{D2EDFEE8-56D9-4F87-9F64-0F6FE7795350} = {82D3BFCC-4CA6-493C-8F05-A2821F8AAB43}
	EndGlobalSection
	GlobalSection(ExtensibilityGlobals) = postSolution
		SolutionGuid = {568D95C8-ADE4-4EE1-9E2B-701FE18FC443}
	EndGlobalSection
EndGlobal
